
Microsoft Visual Studio Solution File, Format Version 12.00
# Visual Studio Version 16
VisualStudioVersion = 16.0.29009.5
MinimumVisualStudioVersion = 10.0.40219.1
Project("{FAE04EC0-301F-11D3-BF4B-00C04F79EFBC}") = "netFrameworkTests", "netFramework\netFrameworkTests.csproj", "{983FAB2B-99D1-47F7-A8C1-697595B864E0}"
EndProject
Project("{9A19103F-16F7-4668-BE54-9A1E7A4F7556}") = "netCoreTests", "netcore\netCoreTests.csproj", "{EAC22238-8A7E-4A4A-A4B9-1ED24C21070D}"
EndProject
Global
	GlobalSection(SolutionConfigurationPlatforms) = preSolution
		Debug|Any CPU = Debug|Any CPU
		Release|Any CPU = Release|Any CPU
	EndGlobalSection
	GlobalSection(ProjectConfigurationPlatforms) = postSolution
		{983FAB2B-99D1-47F7-A8C1-697595B864E0}.Debug|Any CPU.ActiveCfg = Debug|Any CPU
		{983FAB2B-99D1-47F7-A8C1-697595B864E0}.Debug|Any CPU.Build.0 = Debug|Any CPU
		{983FAB2B-99D1-47F7-A8C1-697595B864E0}.Release|Any CPU.ActiveCfg = Release|Any CPU
		{983FAB2B-99D1-47F7-A8C1-697595B864E0}.Release|Any CPU.Build.0 = Release|Any CPU
		{EAC22238-8A7E-4A4A-A4B9-1ED24C21070D}.Debug|Any CPU.ActiveCfg = Debug|Any CPU
		{EAC22238-8A7E-4A4A-A4B9-1ED24C21070D}.Debug|Any CPU.Build.0 = Debug|Any CPU
		{EAC22238-8A7E-4A4A-A4B9-1ED24C21070D}.Release|Any CPU.ActiveCfg = Release|Any CPU
		{EAC22238-8A7E-4A4A-A4B9-1ED24C21070D}.Release|Any CPU.Build.0 = Release|Any CPU
	EndGlobalSection
	GlobalSection(SolutionProperties) = preSolution
		HideSolutionNode = FALSE
	EndGlobalSection
	GlobalSection(ExtensibilityGlobals) = postSolution
		SolutionGuid = {880C2BD8-9799-4035-87CD-E0E1AE7E807F}
	EndGlobalSection
EndGlobal
